
Microsoft Visual Studio Solution File, Format Version 12.00
# Visual Studio Version 17
VisualStudioVersion = 17.14.36327.8
MinimumVisualStudioVersion = 10.0.40219.1
Project("{FAE04EC0-301F-11D3-BF4B-00C04F79EFBC}") = "FacilAssistApi", "FacilAssistApi.csproj", "{5B86B5EE-C506-4542-A071-A30A337ED334}"
EndProject
Project("{FAE04EC0-301F-11D3-BF4B-00C04F79EFBC}") = "FacilAssist.Front", "..\FacilAssist.Front\FacilAssist.Front.csproj", "{020E649E-3F9A-493B-9A43-3677D23D2670}"
EndProject
Global
	GlobalSection(SolutionConfigurationPlatforms) = preSolution
		Debug|Any CPU = Debug|Any CPU
		Release|Any CPU = Release|Any CPU
	EndGlobalSection
	GlobalSection(ProjectConfigurationPlatforms) = postSolution
		{5B86B5EE-C506-4542-A071-A30A337ED334}.Debug|Any CPU.ActiveCfg = Debug|Any CPU
		{5B86B5EE-C506-4542-A071-A30A337ED334}.Debug|Any CPU.Build.0 = Debug|Any CPU
		{5B86B5EE-C506-4542-A071-A30A337ED334}.Release|Any CPU.ActiveCfg = Release|Any CPU
		{5B86B5EE-C506-4542-A071-A30A337ED334}.Release|Any CPU.Build.0 = Release|Any CPU
		{020E649E-3F9A-493B-9A43-3677D23D2670}.Debug|Any CPU.ActiveCfg = Debug|Any CPU
		{020E649E-3F9A-493B-9A43-3677D23D2670}.Debug|Any CPU.Build.0 = Debug|Any CPU
		{020E649E-3F9A-493B-9A43-3677D23D2670}.Release|Any CPU.ActiveCfg = Release|Any CPU
		{020E649E-3F9A-493B-9A43-3677D23D2670}.Release|Any CPU.Build.0 = Release|Any CPU
	EndGlobalSection
	GlobalSection(SolutionProperties) = preSolution
		HideSolutionNode = FALSE
	EndGlobalSection
	GlobalSection(ExtensibilityGlobals) = postSolution
		SolutionGuid = {8FE98FA2-407D-46A2-B95B-519FD98D4CC9}
	EndGlobalSection
EndGlobal
